
Microsoft Visual Studio Solution File, Format Version 12.00
Project("{FAE04EC0-301F-11D3-BF4B-00C04F79EFBC}") = "WebApi", "WebApi\WebApi.csproj", "{ED390CB8-687E-4046-A323-21A9D1C73B6B}"
EndProject
Project("{FAE04EC0-301F-11D3-BF4B-00C04F79EFBC}") = "Domain", "Domain\Domain.csproj", "{A1A7C7C6-2585-4AE7-8884-A33571D1048B}"
EndProject
Global
	GlobalSection(SolutionConfigurationPlatforms) = preSolution
		Debug|Any CPU = Debug|Any CPU
		Release|Any CPU = Release|Any CPU
	EndGlobalSection
	GlobalSection(ProjectConfigurationPlatforms) = postSolution
		{ED390CB8-687E-4046-A323-21A9D1C73B6B}.Debug|Any CPU.ActiveCfg = Debug|Any CPU
		{ED390CB8-687E-4046-A323-21A9D1C73B6B}.Debug|Any CPU.Build.0 = Debug|Any CPU
		{ED390CB8-687E-4046-A323-21A9D1C73B6B}.Release|Any CPU.ActiveCfg = Release|Any CPU
		{ED390CB8-687E-4046-A323-21A9D1C73B6B}.Release|Any CPU.Build.0 = Release|Any CPU
		{A1A7C7C6-2585-4AE7-8884-A33571D1048B}.Debug|Any CPU.ActiveCfg = Debug|Any CPU
		{A1A7C7C6-2585-4AE7-8884-A33571D1048B}.Debug|Any CPU.Build.0 = Debug|Any CPU
		{A1A7C7C6-2585-4AE7-8884-A33571D1048B}.Release|Any CPU.ActiveCfg = Release|Any CPU
		{A1A7C7C6-2585-4AE7-8884-A33571D1048B}.Release|Any CPU.Build.0 = Release|Any CPU
	EndGlobalSection
EndGlobal
